// !$*UTF8*$!
{
	archiveVersion = 1;
	classes = {
	};
	objectVersion = 46;
	objects = {

/* Begin PBXBuildFile section */
		68583EE81E0B3C5A0051737B /* AppDelegate.swift in Sources */ = {isa = PBXBuildFile; fileRef = 68583EE71E0B3C5A0051737B /* AppDelegate.swift */; };
		68583EEA1E0B3C5A0051737B /* ViewController.swift in Sources */ = {isa = PBXBuildFile; fileRef = 68583EE91E0B3C5A0051737B /* ViewController.swift */; };
		68583EED1E0B3C5A0051737B /* Main.storyboard in Resources */ = {isa = PBXBuildFile; fileRef = 68583EEB1E0B3C5A0051737B /* Main.storyboard */; };
		68583EEF1E0B3C5A0051737B /* Assets.xcassets in Resources */ = {isa = PBXBuildFile; fileRef = 68583EEE1E0B3C5A0051737B /* Assets.xcassets */; };
		68583EF21E0B3C5A0051737B /* LaunchScreen.storyboard in Resources */ = {isa = PBXBuildFile; fileRef = 68583EF01E0B3C5A0051737B /* LaunchScreen.storyboard */; };
/* End PBXBuildFile section */

/* Begin PBXFileReference section */
		68583EE41E0B3C5A0051737B /* Beacon Emulator.app */ = {isa = PBXFileReference; explicitFileType = wrapper.application; includeInIndex = 0; path = "Beacon Emulator.app"; sourceTree = BUILT_PRODUCTS_DIR; };
		68583EE71E0B3C5A0051737B /* AppDelegate.swift */ = {isa = PBXFileReference; lastKnownFileType = sourcecode.swift; path = AppDelegate.swift; sourceTree = "<group>"; };
		68583EE91E0B3C5A0051737B /* ViewController.swift */ = {isa = PBXFileReference; lastKnownFileType = sourcecode.swift; path = ViewController.swift; sourceTree = "<group>"; };
		68583EEC1E0B3C5A0051737B /* Base */ = {isa = PBXFileReference; lastKnownFileType = file.storyboard; name = Base; path = Base.lproj/Main.storyboard; sourceTree = "<group>"; };
		68583EEE1E0B3C5A0051737B /* Assets.xcassets */ = {isa = PBXFileReference; lastKnownFileType = folder.assetcatalog; path = Assets.xcassets; sourceTree = "<group>"; };
		68583EF11E0B3C5A0051737B /* Base */ = {isa = PBXFileReference; lastKnownFileType = file.storyboard; name = Base; path = Base.lproj/LaunchScreen.storyboard; sourceTree = "<group>"; };
		68583EF31E0B3C5A0051737B /* Info.plist */ = {isa = PBXFileReference; lastKnownFileType = text.plist.xml; path = Info.plist; sourceTree = "<group>"; };
/* End PBXFileReference section */

/* Begin PBXFrameworksBuildPhase section */
		68583EE11E0B3C5A0051737B /* Frameworks */ = {
			isa = PBXFrameworksBuildPhase;
			buildActionMask = 2147483647;
			files = (
			);
			runOnlyForDeploymentPostprocessing = 0;
		};
/* End PBXFrameworksBuildPhase section */

/* Begin PBXGroup section */
		68583EDB1E0B3C5A0051737B = {
			isa = PBXGroup;
			children = (
				68583EE61E0B3C5A0051737B /* Beacon Emulator */,
				68583EE51E0B3C5A0051737B /* Products */,
			);
			sourceTree = "<group>";
		};
		68583EE51E0B3C5A0051737B /* Products */ = {
			isa = PBXGroup;
			children = (
				68583EE41E0B3C5A0051737B /* Beacon Emulator.app */,
			);
			name = Products;
			sourceTree = "<group>";
		};
		68583EE61E0B3C5A0051737B /* Beacon Emulator */ = {
			isa = PBXGroup;
			children = (
				68583EE71E0B3C5A0051737B /* AppDelegate.swift */,
				68583EE91E0B3C5A0051737B /* ViewController.swift */,
				68583EEB1E0B3C5A0051737B /* Main.storyboard */,
				68583EEE1E0B3C5A0051737B /* Assets.xcassets */,
				68583EF01E0B3C5A0051737B /* LaunchScreen.storyboard */,
				68583EF31E0B3C5A0051737B /* Info.plist */,
			);
			path = "Beacon Emulator";
			sourceTree = "<group>";
		};
/* End PBXGroup section */

/* Begin PBXNativeTarget section */
		68583EE31E0B3C5A0051737B /* Beacon Emulator */ = {
			isa = PBXNativeTarget;
			buildConfigurationList = 68583EF61E0B3C5A0051737B /* Build configuration list for PBXNativeTarget "Beacon Emulator" */;
			buildPhases = (
				68583EE01E0B3C5A0051737B /* Sources */,
				68583EE11E0B3C5A0051737B /* Frameworks */,
				68583EE21E0B3C5A0051737B /* Resources */,
			);
			buildRules = (
			);
			dependencies = (
			);
			name = "Beacon Emulator";
			productName = "Beacon Emulator";
			productReference = 68583EE41E0B3C5A0051737B /* Beacon Emulator.app */;
			productType = "com.apple.product-type.application";
		};
/* End PBXNativeTarget section */

/* Begin PBXProject section */
		68583EDC1E0B3C5A0051737B /* Project object */ = {
			isa = PBXProject;
			attributes = {
				LastSwiftUpdateCheck = 0820;
				LastUpgradeCheck = 0820;
				ORGANIZATIONNAME = AviadorApps;
				TargetAttributes = {
					68583EE31E0B3C5A0051737B = {
						CreatedOnToolsVersion = 8.2;
						DevelopmentTeam = NLX689UAE6;
						ProvisioningStyle = Automatic;
					};
				};
			};
			buildConfigurationList = 68583EDF1E0B3C5A0051737B /* Build configuration list for PBXProject "Beacon Emulator" */;
			compatibilityVersion = "Xcode 3.2";
			developmentRegion = English;
			hasScannedForEncodings = 0;
			knownRegions = (
				en,
				Base,
			);
			mainGroup = 68583EDB1E0B3C5A0051737B;
			productRefGroup = 68583EE51E0B3C5A0051737B /* Products */;
			projectDirPath = "";
			projectRoot = "";
			targets = (
				68583EE31E0B3C5A0051737B /* Beacon Emulator */,
			);
		};
/* End PBXProject section */

/* Begin PBXResourcesBuildPhase section */
		68583EE21E0B3C5A0051737B /* Resources */ = {
			isa = PBXResourcesBuildPhase;
			buildActionMask = 2147483647;
			files = (
				68583EF21E0B3C5A0051737B /* LaunchScreen.storyboard in Resources */,
				68583EEF1E0B3C5A0051737B /* Assets.xcassets in Resources */,
				68583EED1E0B3C5A0051737B /* Main.storyboard in Resources */,
			);
			runOnlyForDeploymentPostprocessing = 0;
		};
/* End PBXResourcesBuildPhase section */

/* Begin PBXSourcesBuildPhase section */
		68583EE01E0B3C5A0051737B /* Sources */ = {
			isa = PBXSourcesBuildPhase;
			buildActionMask = 2147483647;
			files = (
				68583EEA1E0B3C5A0051737B /* ViewController.swift in Sources */,
				68583EE81E0B3C5A0051737B /* AppDelegate.swift in Sources */,
			);
			runOnlyForDeploymentPostprocessing = 0;
		};
/* End PBXSourcesBuildPhase section */

/* Begin PBXVariantGroup section */
		68583EEB1E0B3C5A0051737B /* Main.storyboard */ = {
			isa = PBXVariantGroup;
			children = (
				68583EEC1E0B3C5A0051737B /* Base */,
			);
			name = Main.storyboard;
			sourceTree = "<group>";
		};
		68583EF01E0B3C5A0051737B /* LaunchScreen.storyboard */ = {
			isa = PBXVariantGroup;
			children = (
				68583EF11E0B3C5A0051737B /* Base */,
			);
			name = LaunchScreen.storyboard;
			sourceTree = "<group>";
		};
/* End PBXVariantGroup section */

/* Begin XCBuildConfiguration section */
		68583EF41E0B3C5A0051737B /* Debug */ = {
			isa = XCBuildConfiguration;
			buildSettings = {
				ALWAYS_SEARCH_USER_PATHS = NO;
				CLANG_ANALYZER_NONNULL = YES;
				CLANG_CXX_LANGUAGE_STANDARD = "gnu++0x";
				CLANG_CXX_LIBRARY = "libc++";
				CLANG_ENABLE_MODULES = YES;
				CLANG_ENABLE_OBJC_ARC = YES;
				CLANG_WARN_BOOL_CONVERSION = YES;
				CLANG_WARN_CONSTANT_CONVERSION = YES;
				CLANG_WARN_DIRECT_OBJC_ISA_USAGE = YES_ERROR;
				CLANG_WARN_DOCUMENTATION_COMMENTS = YES;
				CLANG_WARN_EMPTY_BODY = YES;
				CLANG_WARN_ENUM_CONVERSION = YES;
				CLANG_WARN_INFINITE_RECURSION = YES;
				CLANG_WARN_INT_CONVERSION = YES;
				CLANG_WARN_OBJC_ROOT_CLASS = YES_ERROR;
				CLANG_WARN_SUSPICIOUS_MOVE = YES;
				CLANG_WARN_UNREACHABLE_CODE = YES;
				CLANG_WARN__DUPLICATE_METHOD_MATCH = YES;
				"CODE_SIGN_IDENTITY[sdk=iphoneos*]" = "iPhone Developer";
				COPY_PHASE_STRIP = NO;
				DEBUG_INFORMATION_FORMAT = dwarf;
				ENABLE_STRICT_OBJC_MSGSEND = YES;
				ENABLE_TESTABILITY = YES;
				GCC_C_LANGUAGE_STANDARD = gnu99;
				GCC_DYNAMIC_NO_PIC = NO;
				GCC_NO_COMMON_BLOCKS = YES;
				GCC_OPTIMIZATION_LEVEL = 0;
				GCC_PREPROCESSOR_DEFINITIONS = (
					"DEBUG=1",
					"$(inherited)",
				);
				GCC_WARN_64_TO_32_BIT_CONVERSION = YES;
				GCC_WARN_ABOUT_RETURN_TYPE = YES_ERROR;
				GCC_WARN_UNDECLARED_SELECTOR = YES;
				GCC_WARN_UNINITIALIZED_AUTOS = YES_AGGRESSIVE;
				GCC_WARN_UNUSED_FUNCTION = YES;
				GCC_WARN_UNUSED_VARIABLE = YES;
				IPHONEOS_DEPLOYMENT_TARGET = 10.2;
				MTL_ENABLE_DEBUG_INFO = YES;
				ONLY_ACTIVE_ARCH = YES;
				SDKROOT = iphoneos;
				SWIFT_ACTIVE_COMPILATION_CONDITIONS = DEBUG;
				SWIFT_OPTIMIZATION_LEVEL = "-Onone";
				TARGETED_DEVICE_FAMILY = "1,2";
			};
			name = Debug;
		};
		68583EF51E0B3C5A0051737B /* Release */ = {
			isa = XCBuildConfiguration;
			buildSettings = {
				ALWAYS_SEARCH_USER_PATHS = NO;
				CLANG_ANALYZER_NONNULL = YES;
				CLANG_CXX_LANGUAGE_STANDARD = "gnu++0x";
				CLANG_CXX_LIBRARY = "libc++";
				CLANG_ENABLE_MODULES = YES;
				CLANG_ENABLE_OBJC_ARC = YES;
				CLANG_WARN_BOOL_CONVERSION = YES;
				CLANG_WARN_CONSTANT_CONVERSION = YES;
				CLANG_WARN_DIRECT_OBJC_ISA_USAGE = YES_ERROR;
				CLANG_WARN_DOCUMENTATION_COMMENTS = YES;
				CLANG_WARN_EMPTY_BODY = YES;
				CLANG_WARN_ENUM_CONVERSION = YES;
				CLANG_WARN_INFINITE_RECURSION = YES;
				CLANG_WARN_INT_CONVERSION = YES;
				CLANG_WARN_OBJC_ROOT_CLASS = YES_ERROR;
				CLANG_WARN_SUSPICIOUS_MOVE = YES;
				CLANG_WARN_UNREACHABLE_CODE = YES;
				CLANG_WARN__DUPLICATE_METHOD_MATCH = YES;
				"CODE_SIGN_IDENTITY[sdk=iphoneos*]" = "iPhone Developer";
				COPY_PHASE_STRIP = NO;
				DEBUG_INFORMATION_FORMAT = "dwarf-with-dsym";
				ENABLE_NS_ASSERTIONS = NO;
				ENABLE_STRICT_OBJC_MSGSEND = YES;
				GCC_C_LANGUAGE_STANDARD = gnu99;
				GCC_NO_COMMON_BLOCKS = YES;
				GCC_WARN_64_TO_32_BIT_CONVERSION = YES;
				GCC_WARN_ABOUT_RETURN_TYPE = YES_ERROR;
				GCC_WARN_UNDECLARED_SELECTOR = YES;
				GCC_WARN_UNINITIALIZED_AUTOS = YES_AGGRESSIVE;
				GCC_WARN_UNUSED_FUNCTION = YES;
				GCC_WARN_UNUSED_VARIABLE = YES;
				IPHONEOS_DEPLOYMENT_TARGET = 10.2;
				MTL_ENABLE_DEBUG_INFO = NO;
				SDKROOT = iphoneos;
				SWIFT_OPTIMIZATION_LEVEL = "-Owholemodule";
				TARGETED_DEVICE_FAMILY = "1,2";
				VALIDATE_PRODUCT = YES;
			};
			name = Release;
		};
		68583EF71E0B3C5A0051737B /* Debug */ = {
			isa = XCBuildConfiguration;
			buildSettings = {
				ASSETCATALOG_COMPILER_APPICON_NAME = AppIcon;
				DEVELOPMENT_TEAM = NLX689UAE6;
				INFOPLIST_FILE = "Beacon Emulator/Info.plist";
				LD_RUNPATH_SEARCH_PATHS = "$(inherited) @executable_path/Frameworks";
				PRODUCT_BUNDLE_IDENTIFIER = "com.AviadorApps.Beacon-Emulator";
				PRODUCT_NAME = "$(TARGET_NAME)";
				SWIFT_VERSION = 3.0;
			};
			name = Debug;
		};
		68583EF81E0B3C5A0051737B /* Release */ = {
			isa = XCBuildConfiguration;
			buildSettings = {
				ASSETCATALOG_COMPILER_APPICON_NAME = AppIcon;
				DEVELOPMENT_TEAM = NLX689UAE6;
				INFOPLIST_FILE = "Beacon Emulator/Info.plist";
				LD_RUNPATH_SEARCH_PATHS = "$(inherited) @executable_path/Frameworks";
				PRODUCT_BUNDLE_IDENTIFIER = "com.AviadorApps.Beacon-Emulator";
				PRODUCT_NAME = "$(TARGET_NAME)";
				SWIFT_VERSION = 3.0;
			};
			name = Release;
		};
/* End XCBuildConfiguration section */

/* Begin XCConfigurationList section */
		68583EDF1E0B3C5A0051737B /* Build configuration list for PBXProject "Beacon Emulator" */ = {
			isa = XCConfigurationList;
			buildConfigurations = (
				68583EF41E0B3C5A0051737B /* Debug */,
				68583EF51E0B3C5A0051737B /* Release */,
			);
			defaultConfigurationIsVisible = 0;
			defaultConfigurationName = Release;
		};
		68583EF61E0B3C5A0051737B /* Build configuration list for PBXNativeTarget "Beacon Emulator" */ = {
			isa = XCConfigurationList;
			buildConfigurations = (
				68583EF71E0B3C5A0051737B /* Debug */,
				68583EF81E0B3C5A0051737B /* Release */,
			);
			defaultConfigurationIsVisible = 0;
		};
/* End XCConfigurationList section */
	};
	rootObject = 68583EDC1E0B3C5A0051737B /* Project object */;
}
